
Microsoft Visual Studio Solution File, Format Version 12.00
# Visual Studio Version 17
VisualStudioVersion = 17.10.34707.107
MinimumVisualStudioVersion = 10.0.40219.1
Project("{FAE04EC0-301F-11D3-BF4B-00C04F79EFBC}") = "MangaReader", "MangaReader\MangaReader.csproj", "{C2E29521-2530-4307-A941-DD7B8F6D1201}"
EndProject
Project("{2150E333-8FDC-42A3-9474-1A3956D46DE8}") = "Dependencies", "Dependencies", "{8320EB29-5AA9-41BD-8E22-DEB6A78EDA6D}"
EndProject
Global
	GlobalSection(SolutionConfigurationPlatforms) = preSolution
		Debug|Any CPU = Debug|Any CPU
		Release|Any CPU = Release|Any CPU
	EndGlobalSection
	GlobalSection(ProjectConfigurationPlatforms) = postSolution
		{C2E29521-2530-4307-A941-DD7B8F6D1201}.Debug|Any CPU.ActiveCfg = Debug|Any CPU
		{C2E29521-2530-4307-A941-DD7B8F6D1201}.Debug|Any CPU.Build.0 = Debug|Any CPU
		{C2E29521-2530-4307-A941-DD7B8F6D1201}.Release|Any CPU.ActiveCfg = Release|Any CPU
		{C2E29521-2530-4307-A941-DD7B8F6D1201}.Release|Any CPU.Build.0 = Release|Any CPU
	EndGlobalSection
	GlobalSection(SolutionProperties) = preSolution
		HideSolutionNode = FALSE
	EndGlobalSection
	GlobalSection(ExtensibilityGlobals) = postSolution
		SolutionGuid = {66E792F8-A86E-4DFA-9A80-5BB915D2FFA6}
	EndGlobalSection
EndGlobal
